
Microsoft Visual Studio Solution File, Format Version 12.00
# Visual Studio Version 16
VisualStudioVersion = 16.0.29509.3
MinimumVisualStudioVersion = 10.0.40219.1
Project("{9A19103F-16F7-4668-BE54-9A1E7A4F7556}") = "Durty.AltV.NativesTypingsGenerator", "Durty.AltV.NativesTypingsGenerator\Durty.AltV.NativesTypingsGenerator.csproj", "{90E8D018-535A-45BD-AF91-2EFE6060CBCD}"
EndProject
Project("{9A19103F-16F7-4668-BE54-9A1E7A4F7556}") = "Durty.AltV.NativesTypingsGenerator.Console", "Durty.AltV.NativesTypingsGenerator.Console\Durty.AltV.NativesTypingsGenerator.Console.csproj", "{57CA3C36-71BE-4958-AAC5-D13C8ECC7BCB}"
EndProject
Global
	GlobalSection(SolutionConfigurationPlatforms) = preSolution
		Debug|Any CPU = Debug|Any CPU
		Release|Any CPU = Release|Any CPU
	EndGlobalSection
	GlobalSection(ProjectConfigurationPlatforms) = postSolution
		{90E8D018-535A-45BD-AF91-2EFE6060CBCD}.Debug|Any CPU.ActiveCfg = Debug|Any CPU
		{90E8D018-535A-45BD-AF91-2EFE6060CBCD}.Debug|Any CPU.Build.0 = Debug|Any CPU
		{90E8D018-535A-45BD-AF91-2EFE6060CBCD}.Release|Any CPU.ActiveCfg = Release|Any CPU
		{90E8D018-535A-45BD-AF91-2EFE6060CBCD}.Release|Any CPU.Build.0 = Release|Any CPU
		{57CA3C36-71BE-4958-AAC5-D13C8ECC7BCB}.Debug|Any CPU.ActiveCfg = Debug|Any CPU
		{57CA3C36-71BE-4958-AAC5-D13C8ECC7BCB}.Debug|Any CPU.Build.0 = Debug|Any CPU
		{57CA3C36-71BE-4958-AAC5-D13C8ECC7BCB}.Release|Any CPU.ActiveCfg = Release|Any CPU
		{57CA3C36-71BE-4958-AAC5-D13C8ECC7BCB}.Release|Any CPU.Build.0 = Release|Any CPU
	EndGlobalSection
	GlobalSection(SolutionProperties) = preSolution
		HideSolutionNode = FALSE
	EndGlobalSection
	GlobalSection(ExtensibilityGlobals) = postSolution
		SolutionGuid = {C657C3A6-E257-4177-BB0B-42C945ADEAD1}
	EndGlobalSection
EndGlobal
